
Microsoft Visual Studio Solution File, Format Version 12.00
# Visual Studio Version 16
VisualStudioVersion = 25.0.1704.5
MinimumVisualStudioVersion = 10.0.40219.1
Project("{FAE04EC0-301F-11D3-BF4B-00C04F79EFBC}") = "APP-MUSIC", "APP-MUSIC\APP-MUSIC.csproj", "{DDF398D9-4C56-49F0-9131-0862EF69C26A}"
EndProject
Global
	GlobalSection(SolutionConfigurationPlatforms) = preSolution
		Debug|Any CPU = Debug|Any CPU
		Release|Any CPU = Release|Any CPU
	EndGlobalSection
	GlobalSection(ProjectConfigurationPlatforms) = postSolution
		{DDF398D9-4C56-49F0-9131-0862EF69C26A}.Debug|Any CPU.ActiveCfg = Debug|Any CPU
		{DDF398D9-4C56-49F0-9131-0862EF69C26A}.Debug|Any CPU.Build.0 = Debug|Any CPU
		{DDF398D9-4C56-49F0-9131-0862EF69C26A}.Release|Any CPU.ActiveCfg = Release|Any CPU
		{DDF398D9-4C56-49F0-9131-0862EF69C26A}.Release|Any CPU.Build.0 = Release|Any CPU
	EndGlobalSection
	GlobalSection(SolutionProperties) = preSolution
		HideSolutionNode = FALSE
	EndGlobalSection
	GlobalSection(ExtensibilityGlobals) = postSolution
		SolutionGuid = {4A313552-B026-407F-B68F-36FEBA31FA07}
	EndGlobalSection
EndGlobal
